# THIS IS AN AUTOGENERATED FILE. DO NOT EDIT THIS FILE DIRECTLY.
# yarn lockfile v1


"@inversifyjs/common@1.4.0":
  version "1.4.0"
  resolved "https://registry.yarnpkg.com/@inversifyjs/common/-/common-1.4.0.tgz#4df42e8cb012a1630ebf2f3c65bb76ac5b0f3e4c"
  integrity sha512-qfRJ/3iOlCL/VfJq8+4o5X4oA14cZSBbpAmHsYj8EsIit1xDndoOl0xKOyglKtQD4u4gdNVxMHx4RWARk/I4QA==

"@inversifyjs/core@1.3.5":
  version "1.3.5"
  resolved "https://registry.yarnpkg.com/@inversifyjs/core/-/core-1.3.5.tgz#c02ee3ed036aae40189302794f16a9f4e0ed4557"
  integrity sha512-B4MFXabhNTAmrfgB+yeD6wd/GIvmvWC6IQ8Rh/j2C3Ix69kmqwz9pr8Jt3E+Nho9aEHOQCZaGmrALgtqRd+oEQ==
  dependencies:
    "@inversifyjs/common" "1.4.0"
    "@inversifyjs/reflect-metadata-utils" "0.2.4"

"@inversifyjs/reflect-metadata-utils@0.2.4":
  version "0.2.4"
  resolved "https://registry.yarnpkg.com/@inversifyjs/reflect-metadata-utils/-/reflect-metadata-utils-0.2.4.tgz#c65172283db9516c4a27e8d673ca7a31a07d528b"
  integrity sha512-u95rV3lKfG+NT2Uy/5vNzoDujos8vN8O18SSA5UyhxsGYd4GLQn/eUsGXfOsfa7m34eKrDelTKRUX1m/BcNX5w==

"@types/file-saver@^2.0.5":
  version "2.0.7"
  resolved "https://registry.yarnpkg.com/@types/file-saver/-/file-saver-2.0.7.tgz#8dbb2f24bdc7486c54aa854eb414940bbd056f7d"
  integrity sha512-dNKVfHd/jk0SkR/exKGj2ggkB45MAkzvWCaqLUUgkyjITkGNzH8H+yUwr+BLJUBjZOe9w8X3wgmXhZDRg1ED6A==

"@types/node@*", "@types/node@>=20.0.0":
  version "26.0.1"
  resolved "https://registry.yarnpkg.com/@types/node/-/node-26.0.1.tgz#4a60e2c7a6d68bd261e265f8983bfe1601263ce3"
  integrity sha512-fc3KiUoBt6kie0N9bIW3E47vZsuaMf0PM2AaUpLCLT0s/LvX1nxAim6Fc049cNxODPpGm6qRAuUOB86SkRuPQw==
  dependencies:
    undici-types "~8.3.0"

"@types/whatwg-mimetype@^3.0.2":
  version "3.0.2"
  resolved "https://registry.yarnpkg.com/@types/whatwg-mimetype/-/whatwg-mimetype-3.0.2.tgz#e5e06dcd3e92d4e622ef0129637707d66c28d6a4"
  integrity sha512-c2AKvDT8ToxLIOUlN51gTiHXflsfIFisS4pO7pDPoKouJCESkhZnEy623gwP9laCy5lnLDAw1vAzu2vM2YLOrA==

"@types/ws@^8.18.1":
  version "8.18.1"
  resolved "https://registry.yarnpkg.com/@types/ws/-/ws-8.18.1.tgz#48464e4bf2ddfd17db13d845467f6070ffea4aa9"
  integrity sha512-ThVF6DCVhA8kUGy+aazFQ4kXQ7E1Ty7A3ypFOe0IcJV8O/M511G99AW24irKrW56Wt44yG9+ij8FaqoBGkuBXg==
  dependencies:
    "@types/node" "*"

autocompleter@^9.1.2:
  version "9.3.2"
  resolved "https://registry.yarnpkg.com/autocompleter/-/autocompleter-9.3.2.tgz#b66d4a2d19a6b6c378c6a897bf3c000eccef5fb9"
  integrity sha512-rLbf2TLGOD7y+gOS36ksrZdIsvoHa2KXc2A7503w+NBRPrcF73zzFeYBxEcV/iMPjaBH3jFhNIYObZ7zt1fkCQ==

browser-split@0.0.1:
  version "0.0.1"
  resolved "https://registry.yarnpkg.com/browser-split/-/browser-split-0.0.1.tgz#7b097574f8e3ead606fb4664e64adfdda2981a93"
  integrity sha512-JhvgRb2ihQhsljNda3BI8/UcRHVzrVwo3Q+P8vDtSiyobXuFpuZ9mq+MbRGMnC22CjW3RrfXdg6j6ITX8M+7Ow==

buffer-image-size@^0.6.4:
  version "0.6.4"
  resolved "https://registry.yarnpkg.com/buffer-image-size/-/buffer-image-size-0.6.4.tgz#357e8173e951ced3b5a2785c695993aa29dbcac4"
  integrity sha512-nEh+kZOPY1w+gcCMobZ6ETUp9WfibndnosbpwB1iJk/8Gt5ZF2bhS6+B6bPYz424KtwsR6Rflc3tCz1/ghX2dQ==
  dependencies:
    "@types/node" "*"

entities@^7.0.1:
  version "7.0.1"
  resolved "https://registry.yarnpkg.com/entities/-/entities-7.0.1.tgz#26e8a88889db63417dcb9a1e79a3f1bc92b5976b"
  integrity sha512-TWrgLOFUQTH994YUyl1yT4uyavY5nNB5muff+RtWaqNVCAK408b5ZnnbNAUEWLTCpum9w6arT70i1XdQ4UeOPA==

file-saver@^2.0.5:
  version "2.0.5"
  resolved "https://registry.yarnpkg.com/file-saver/-/file-saver-2.0.5.tgz#d61cfe2ce059f414d899e9dd6d4107ee25670c38"
  integrity sha512-P9bmyZ3h/PRG+Nzga+rbdI4OEpNDzAVyy74uVO9ATgzLK6VtAsYybF/+TOCvrc0MO793d6+42lLyZTw7/ArVzA==

happy-dom@^20.8.8:
  version "20.10.6"
  resolved "https://registry.yarnpkg.com/happy-dom/-/happy-dom-20.10.6.tgz#b92b92abab99f24dd5758b7dc5647f4e4d285707"
  integrity sha512-6QD0ilzDDt93tX44y8tbmZdAcdTRYDhUP+Asgi6pC8Pp5IA3cvaZGyoVN/EGtlq9ziT65iPuBBn3ASLr6hCgVw==
  dependencies:
    "@types/node" ">=20.0.0"
    "@types/whatwg-mimetype" "^3.0.2"
    "@types/ws" "^8.18.1"
    buffer-image-size "^0.6.4"
    entities "^7.0.1"
    whatwg-mimetype "^3.0.0"
    ws "^8.21.0"

inversify@^6.1.3:
  version "6.2.2"
  resolved "https://registry.yarnpkg.com/inversify/-/inversify-6.2.2.tgz#53b164d0c5753a47477a0d68be56f8e8bc3bafeb"
  integrity sha512-KB836KHbZ9WrUnB8ax5MtadOwnqQYa+ZJO3KWbPFgcr4RIEnHM621VaqFZzOZd9+U7ln6upt9n0wJei7x2BNqw==
  dependencies:
    "@inversifyjs/common" "1.4.0"
    "@inversifyjs/core" "1.3.5"

lodash.escape@^4.0.1:
  version "4.0.1"
  resolved "https://registry.yarnpkg.com/lodash.escape/-/lodash.escape-4.0.1.tgz#c9044690c21e04294beaa517712fded1fa88de98"
  integrity sha512-nXEOnb/jK9g0DYMr1/Xvq6l5xMD7GDG55+GSYIYmS0G4tBk/hURD4JR9WCavs04t33WmJx9kCyp9vJ+mr4BOUw==

lodash.forown@^4.4.0:
  version "4.4.0"
  resolved "https://registry.yarnpkg.com/lodash.forown/-/lodash.forown-4.4.0.tgz#85115cf04f73ef966eced52511d3893cc46683af"
  integrity sha512-xcpca6BCshoe5SFSrQOoV8FBEbNzcBa6QQYmtv48eEFNzdwQLkHkcWSaBlecHhyHb1BUk1xqFdXoiSLJkt/w5w==

lodash.kebabcase@^4.1.1:
  version "4.1.1"
  resolved "https://registry.yarnpkg.com/lodash.kebabcase/-/lodash.kebabcase-4.1.1.tgz#8489b1cb0d29ff88195cceca448ff6d6cc295c36"
  integrity sha512-N8XRTIMMqqDgSy4VLKPnJ/+hpGZN+PHQiJnSenYqPaVV/NCqEogTnAdZLQiGKhxX+JCs8waWq2t1XHWKOmlY8g==

lodash.remove@^4.7.0:
  version "4.7.0"
  resolved "https://registry.yarnpkg.com/lodash.remove/-/lodash.remove-4.7.0.tgz#f31d31e7c39a0690d5074ec0d3627162334ee626"
  integrity sha512-GnwkSsEXGXirSxh3YI+jc/qvptE2DV8ZjA4liK0NT1MJ3mNDMFhX3bY+4Wr8onlNItYuPp7/4u19Fi55mvzkTw==

lodash.uniq@^4.5.0:
  version "4.5.0"
  resolved "https://registry.yarnpkg.com/lodash.uniq/-/lodash.uniq-4.5.0.tgz#d0225373aeb652adc1bc82e4945339a842754773"
  integrity sha512-xfBaXQd9ryd9dlSDvnvI0lvxfLJlYAZzXomUYzLKtUeOQvOP5piqAWuGtrhWeqaXK9hhoM/iyJc5AV+XfsX3HQ==

object-assign@^4.1.0:
  version "4.1.1"
  resolved "https://registry.yarnpkg.com/object-assign/-/object-assign-4.1.1.tgz#2109adc7965887cfc05cbbd442cac8bfbb360863"
  integrity sha512-rJgTQnkUnH1sFw8yT6VSU3zD3sWmu6sZhIseY8VX+GRu3P6F7Fu+JNDoXfklElbLJSnc3FUQHVe4cU5hj+BcUg==

parse-sel@^1.0.0:
  version "1.0.0"
  resolved "https://registry.yarnpkg.com/parse-sel/-/parse-sel-1.0.0.tgz#b9300d2bb946a06c22c98e208e47b2088690cbdd"
  integrity sha512-GLAtaUf/vkdsPQwFKKBR1LHsw4Sm5YVDSbzcPQqmq3N/qlI8gsxUMhSV8NRHj677eeJUV1YpI8OeALaUL5yxUQ==
  dependencies:
    browser-split "0.0.1"

snabbdom-to-html@^7.1.0:
  version "7.1.0"
  resolved "https://registry.yarnpkg.com/snabbdom-to-html/-/snabbdom-to-html-7.1.0.tgz#b81f0c6de1957819c41da247bb038d6eaa5b13e3"
  integrity sha512-R/Rc/5duxWvV4w/B3JI/lt1jXb96pIVV9Xxwqvne259cNuDRXYppuBMtoUGdda0JGhMjNmvc1z+G9ch/PQx+kg==
  dependencies:
    lodash.escape "^4.0.1"
    lodash.forown "^4.4.0"
    lodash.kebabcase "^4.1.1"
    lodash.remove "^4.7.0"
    lodash.uniq "^4.5.0"
    object-assign "^4.1.0"
    parse-sel "^1.0.0"

snabbdom@~3.5.1:
  version "3.5.1"
  resolved "https://registry.yarnpkg.com/snabbdom/-/snabbdom-3.5.1.tgz#25f80ef15b194baea703d9d5441892e369de18e1"
  integrity sha512-wHMNIOjkm/YNE5EM3RCbr/+DVgPg6AqQAX1eOxO46zYNvCXjKP5Y865tqQj3EXnaMBjkxmQA5jFuDpDK/dbfiA==

sprotty-protocol@^1.4.0:
  version "1.4.0"
  resolved "https://registry.yarnpkg.com/sprotty-protocol/-/sprotty-protocol-1.4.0.tgz#817d1fa4e6cc9300eda8ebfc29fa8976cb08aa0e"
  integrity sha512-+AAskW3Mzcq5UhMnummp4wwJ1dYdgT7/utmWoHtjfrK7JTJq9G/VWWlHnTnQGzHHyma03Loy2AozToXoArQuAQ==

tinyqueue@^2.0.3:
  version "2.0.3"
  resolved "https://registry.yarnpkg.com/tinyqueue/-/tinyqueue-2.0.3.tgz#64d8492ebf39e7801d7bd34062e29b45b2035f08"
  integrity sha512-ppJZNDuKGgxzkHihX8v9v9G5f+18gzaTfrukGrq6ueg0lmH4nqVnA2IPG0AEH3jKEk2GRJCUhDoqpoiw3PHLBA==

undici-types@~8.3.0:
  version "8.3.0"
  resolved "https://registry.yarnpkg.com/undici-types/-/undici-types-8.3.0.tgz#44e9fc9f3244648cdea35e4f9bb2d681e9410809"
  integrity sha512-j375ScV60dom+YkPFIfTLcOiPxkN/buHz5GobjLhixFuANaNs3C9l4GmrWqejgXWJ7BbJcFYpTEUkS1Ge8bpZQ==

whatwg-mimetype@^3.0.0:
  version "3.0.0"
  resolved "https://registry.yarnpkg.com/whatwg-mimetype/-/whatwg-mimetype-3.0.0.tgz#5fa1a7623867ff1af6ca3dc72ad6b8a4208beba7"
  integrity sha512-nt+N2dzIutVRxARx1nghPKGv1xHikU7HKdfafKkLNLindmPU/ch3U31NOCGGA/dmPcmb1VlofO0vnKAcsm0o/Q==

ws@^8.21.0:
  version "8.21.0"
  resolved "https://registry.yarnpkg.com/ws/-/ws-8.21.0.tgz#012e413fc07429945121b0c153158c4343086951"
  integrity sha512-Vsp28b7DRcimFQvrqu2Wek3z1iYxDCWqHYB8Qsnk/S4RfaCQzPGPyBNuVjJV3cd6UiKtUtp6sNM77gWvzcCH+g==
